// !$*UTF8*$!
{
	archiveVersion = 1;
	classes = {
	};
	objectVersion = 56;
	objects = {

/* Begin PBXBuildFile section */
		C8B700302C3E9E1000822F09 /* ReImagineWeatherAppApp.swift in Sources */ = {isa = PBXBuildFile; fileRef = C8B7002F2C3E9E1000822F09 /* ReImagineWeatherAppApp.swift */; };
		C8B700322C3E9E1000822F09 /* BookmarkPage.swift in Sources */ = {isa = PBXBuildFile; fileRef = C8B700312C3E9E1000822F09 /* BookmarkPage.swift */; };
		C8B700342C3E9E1200822F09 /* Assets.xcassets in Resources */ = {isa = PBXBuildFile; fileRef = C8B700332C3E9E1200822F09 /* Assets.xcassets */; };
		C8B700372C3E9E1200822F09 /* Preview Assets.xcassets in Resources */ = {isa = PBXBuildFile; fileRef = C8B700362C3E9E1200822F09 /* Preview Assets.xcassets */; };
		C8B700442C3FBBC700822F09 /* APDataModel.swift in Sources */ = {isa = PBXBuildFile; fileRef = C8B700432C3FBBC700822F09 /* APDataModel.swift */; };
		C8B700462C3FC73C00822F09 /* APServiceManager.swift in Sources */ = {isa = PBXBuildFile; fileRef = C8B700452C3FC73C00822F09 /* APServiceManager.swift */; };
		C8B700482C43488500822F09 /* Protocols.swift in Sources */ = {isa = PBXBuildFile; fileRef = C8B700472C43488500822F09 /* Protocols.swift */; };
		C8C7FD2B2C45B2A300A43A4B /* WeatherDetailPage.swift in Sources */ = {isa = PBXBuildFile; fileRef = C8C7FD2A2C45B2A300A43A4B /* WeatherDetailPage.swift */; };
		C8C7FD2D2C45B30F00A43A4B /* WeatherCardComponent.swift in Sources */ = {isa = PBXBuildFile; fileRef = C8C7FD2C2C45B30F00A43A4B /* WeatherCardComponent.swift */; };
		C8C7FD2F2C45B39E00A43A4B /* DatePickerComponent.swift in Sources */ = {isa = PBXBuildFile; fileRef = C8C7FD2E2C45B39E00A43A4B /* DatePickerComponent.swift */; };
		C8C7FD312C45B3E800A43A4B /* SafetyCardComponent.swift in Sources */ = {isa = PBXBuildFile; fileRef = C8C7FD302C45B3E800A43A4B /* SafetyCardComponent.swift */; };
		C8C7FD332C45B3F300A43A4B /* HourPickerComponent.swift in Sources */ = {isa = PBXBuildFile; fileRef = C8C7FD322C45B3F300A43A4B /* HourPickerComponent.swift */; };
		C8C7FD352C45B41500A43A4B /* InformationCardComponent.swift in Sources */ = {isa = PBXBuildFile; fileRef = C8C7FD342C45B41500A43A4B /* InformationCardComponent.swift */; };
		C8C7FD392C45B54500A43A4B /* SafetyDetailCard.swift in Sources */ = {isa = PBXBuildFile; fileRef = C8C7FD382C45B54500A43A4B /* SafetyDetailCard.swift */; };
		C8C7FD3B2C45B5A800A43A4B /* InformationDetailView.swift in Sources */ = {isa = PBXBuildFile; fileRef = C8C7FD3A2C45B5A800A43A4B /* InformationDetailView.swift */; };
		C8C7FD3D2C45B5B600A43A4B /* InformationDetailCard.swift in Sources */ = {isa = PBXBuildFile; fileRef = C8C7FD3C2C45B5B600A43A4B /* InformationDetailCard.swift */; };
		C8C7FD3F2C45B69800A43A4B /* APIKeyHolder.swift in Sources */ = {isa = PBXBuildFile; fileRef = C8C7FD3E2C45B69800A43A4B /* APIKeyHolder.swift */; };
		C8C7FD432C460BFA00A43A4B /* WeatherInfomation.swift in Sources */ = {isa = PBXBuildFile; fileRef = C8C7FD422C460BFA00A43A4B /* WeatherInfomation.swift */; };
		C8C7FD452C46170800A43A4B /* UVInformation.swift in Sources */ = {isa = PBXBuildFile; fileRef = C8C7FD442C46170800A43A4B /* UVInformation.swift */; };
		C8C7FD472C46172D00A43A4B /* AQInformation.swift in Sources */ = {isa = PBXBuildFile; fileRef = C8C7FD462C46172D00A43A4B /* AQInformation.swift */; };
		C8C7FD492C46173D00A43A4B /* WeatherConditionInformation.swift in Sources */ = {isa = PBXBuildFile; fileRef = C8C7FD482C46173D00A43A4B /* WeatherConditionInformation.swift */; };
		C8C7FD4B2C461B7E00A43A4B /* Extentions.swift in Sources */ = {isa = PBXBuildFile; fileRef = C8C7FD4A2C461B7E00A43A4B /* Extentions.swift */; };
		C8C7FD4D2C461C7400A43A4B /* SafetyInformation.swift in Sources */ = {isa = PBXBuildFile; fileRef = C8C7FD4C2C461C7400A43A4B /* SafetyInformation.swift */; };
		C8C7FD502C4625D300A43A4B /* WeatherServiceManager.swift in Sources */ = {isa = PBXBuildFile; fileRef = C8C7FD4F2C4625D300A43A4B /* WeatherServiceManager.swift */; };
		C8C7FD522C4625ED00A43A4B /* LocationServiceManager.swift in Sources */ = {isa = PBXBuildFile; fileRef = C8C7FD512C4625ED00A43A4B /* LocationServiceManager.swift */; };
		C8C7FD542C4626C400A43A4B /* WeatherObject.swift in Sources */ = {isa = PBXBuildFile; fileRef = C8C7FD532C4626C400A43A4B /* WeatherObject.swift */; };
		C8C7FD572C462CBE00A43A4B /* BookmarkedDataModel.swift in Sources */ = {isa = PBXBuildFile; fileRef = C8C7FD562C462CBE00A43A4B /* BookmarkedDataModel.swift */; };
		C8C7FD592C462E5400A43A4B /* RecentSearchDataModel.swift in Sources */ = {isa = PBXBuildFile; fileRef = C8C7FD582C462E5400A43A4B /* RecentSearchDataModel.swift */; };
		C8C7FD5C2C462EB000A43A4B /* SearchLocationView.swift in Sources */ = {isa = PBXBuildFile; fileRef = C8C7FD5B2C462EB000A43A4B /* SearchLocationView.swift */; };
		C8C7FD5E2C4657BA00A43A4B /* SearchLocationViewModel.swift in Sources */ = {isa = PBXBuildFile; fileRef = C8C7FD5D2C4657BA00A43A4B /* SearchLocationViewModel.swift */; };
		C8C7FD602C4657D000A43A4B /* WeatherDetailViewModel.swift in Sources */ = {isa = PBXBuildFile; fileRef = C8C7FD5F2C4657D000A43A4B /* WeatherDetailViewModel.swift */; };
		C8C7FD622C47512400A43A4B /* DatePickerViewModel.swift in Sources */ = {isa = PBXBuildFile; fileRef = C8C7FD612C47512400A43A4B /* DatePickerViewModel.swift */; };
		C8C7FD642C47670300A43A4B /* WeatherDetailBackground.swift in Sources */ = {isa = PBXBuildFile; fileRef = C8C7FD632C47670300A43A4B /* WeatherDetailBackground.swift */; };
		C8C7FD672C478B1B00A43A4B /* SafetyInformationProtocol.swift in Sources */ = {isa = PBXBuildFile; fileRef = C8C7FD662C478B1B00A43A4B /* SafetyInformationProtocol.swift */; };
		C8C7FD6C2C47C9C600A43A4B /* WeatherEnum.swift in Sources */ = {isa = PBXBuildFile; fileRef = C8C7FD6B2C47C9C600A43A4B /* WeatherEnum.swift */; };
		C8C7FD6F2C47DAB200A43A4B /* WeatherComponent.swift in Sources */ = {isa = PBXBuildFile; fileRef = C8C7FD6E2C47DAB200A43A4B /* WeatherComponent.swift */; };
		C8C7FD712C47DAC400A43A4B /* UVComponent.swift in Sources */ = {isa = PBXBuildFile; fileRef = C8C7FD702C47DAC400A43A4B /* UVComponent.swift */; };
		C8C7FD732C47DACE00A43A4B /* AQIComponent.swift in Sources */ = {isa = PBXBuildFile; fileRef = C8C7FD722C47DACE00A43A4B /* AQIComponent.swift */; };
		C8C7FD752C47DAE600A43A4B /* ComponentsProtocol.swift in Sources */ = {isa = PBXBuildFile; fileRef = C8C7FD742C47DAE600A43A4B /* ComponentsProtocol.swift */; };
		C8C7FD772C485F2300A43A4B /* CalendarSelectionView.swift in Sources */ = {isa = PBXBuildFile; fileRef = C8C7FD762C485F2300A43A4B /* CalendarSelectionView.swift */; };
		C8C7FD792C48DD5800A43A4B /* HourSelectionView.swift in Sources */ = {isa = PBXBuildFile; fileRef = C8C7FD782C48DD5800A43A4B /* HourSelectionView.swift */; };
/* End PBXBuildFile section */

/* Begin PBXFileReference section */
		C8B7002C2C3E9E1000822F09 /* ReImagineWeatherApp.app */ = {isa = PBXFileReference; explicitFileType = wrapper.application; includeInIndex = 0; path = ReImagineWeatherApp.app; sourceTree = BUILT_PRODUCTS_DIR; };
		C8B7002F2C3E9E1000822F09 /* ReImagineWeatherAppApp.swift */ = {isa = PBXFileReference; lastKnownFileType = sourcecode.swift; path = ReImagineWeatherAppApp.swift; sourceTree = "<group>"; };
		C8B700312C3E9E1000822F09 /* BookmarkPage.swift */ = {isa = PBXFileReference; lastKnownFileType = sourcecode.swift; path = BookmarkPage.swift; sourceTree = "<group>"; };
		C8B700332C3E9E1200822F09 /* Assets.xcassets */ = {isa = PBXFileReference; lastKnownFileType = folder.assetcatalog; path = Assets.xcassets; sourceTree = "<group>"; };
		C8B700362C3E9E1200822F09 /* Preview Assets.xcassets */ = {isa = PBXFileReference; lastKnownFileType = folder.assetcatalog; path = "Preview Assets.xcassets"; sourceTree = "<group>"; };
		C8B700432C3FBBC700822F09 /* APDataModel.swift */ = {isa = PBXFileReference; lastKnownFileType = sourcecode.swift; path = APDataModel.swift; sourceTree = "<group>"; };
		C8B700452C3FC73C00822F09 /* APServiceManager.swift */ = {isa = PBXFileReference; lastKnownFileType = sourcecode.swift; path = APServiceManager.swift; sourceTree = "<group>"; };
		C8B700472C43488500822F09 /* Protocols.swift */ = {isa = PBXFileReference; lastKnownFileType = sourcecode.swift; path = Protocols.swift; sourceTree = "<group>"; };
		C8C7FD2A2C45B2A300A43A4B /* WeatherDetailPage.swift */ = {isa = PBXFileReference; lastKnownFileType = sourcecode.swift; path = WeatherDetailPage.swift; sourceTree = "<group>"; };
		C8C7FD2C2C45B30F00A43A4B /* WeatherCardComponent.swift */ = {isa = PBXFileReference; lastKnownFileType = sourcecode.swift; path = WeatherCardComponent.swift; sourceTree = "<group>"; };
		C8C7FD2E2C45B39E00A43A4B /* DatePickerComponent.swift */ = {isa = PBXFileReference; lastKnownFileType = sourcecode.swift; path = DatePickerComponent.swift; sourceTree = "<group>"; };
		C8C7FD302C45B3E800A43A4B /* SafetyCardComponent.swift */ = {isa = PBXFileReference; lastKnownFileType = sourcecode.swift; path = SafetyCardComponent.swift; sourceTree = "<group>"; };
		C8C7FD322C45B3F300A43A4B /* HourPickerComponent.swift */ = {isa = PBXFileReference; lastKnownFileType = sourcecode.swift; path = HourPickerComponent.swift; sourceTree = "<group>"; };
		C8C7FD342C45B41500A43A4B /* InformationCardComponent.swift */ = {isa = PBXFileReference; lastKnownFileType = sourcecode.swift; path = InformationCardComponent.swift; sourceTree = "<group>"; };
		C8C7FD382C45B54500A43A4B /* SafetyDetailCard.swift */ = {isa = PBXFileReference; lastKnownFileType = sourcecode.swift; path = SafetyDetailCard.swift; sourceTree = "<group>"; };
		C8C7FD3A2C45B5A800A43A4B /* InformationDetailView.swift */ = {isa = PBXFileReference; lastKnownFileType = sourcecode.swift; path = InformationDetailView.swift; sourceTree = "<group>"; };
		C8C7FD3C2C45B5B600A43A4B /* InformationDetailCard.swift */ = {isa = PBXFileReference; lastKnownFileType = sourcecode.swift; path = InformationDetailCard.swift; sourceTree = "<group>"; };
		C8C7FD3E2C45B69800A43A4B /* APIKeyHolder.swift */ = {isa = PBXFileReference; lastKnownFileType = sourcecode.swift; path = APIKeyHolder.swift; sourceTree = "<group>"; };
		C8C7FD422C460BFA00A43A4B /* WeatherInfomation.swift */ = {isa = PBXFileReference; lastKnownFileType = sourcecode.swift; path = WeatherInfomation.swift; sourceTree = "<group>"; };
		C8C7FD442C46170800A43A4B /* UVInformation.swift */ = {isa = PBXFileReference; lastKnownFileType = sourcecode.swift; path = UVInformation.swift; sourceTree = "<group>"; };
		C8C7FD462C46172D00A43A4B /* AQInformation.swift */ = {isa = PBXFileReference; lastKnownFileType = sourcecode.swift; path = AQInformation.swift; sourceTree = "<group>"; };
		C8C7FD482C46173D00A43A4B /* WeatherConditionInformation.swift */ = {isa = PBXFileReference; lastKnownFileType = sourcecode.swift; path = WeatherConditionInformation.swift; sourceTree = "<group>"; };
		C8C7FD4A2C461B7E00A43A4B /* Extentions.swift */ = {isa = PBXFileReference; lastKnownFileType = sourcecode.swift; path = Extentions.swift; sourceTree = "<group>"; };
		C8C7FD4C2C461C7400A43A4B /* SafetyInformation.swift */ = {isa = PBXFileReference; lastKnownFileType = sourcecode.swift; path = SafetyInformation.swift; sourceTree = "<group>"; };
		C8C7FD4F2C4625D300A43A4B /* WeatherServiceManager.swift */ = {isa = PBXFileReference; lastKnownFileType = sourcecode.swift; path = WeatherServiceManager.swift; sourceTree = "<group>"; };
		C8C7FD512C4625ED00A43A4B /* LocationServiceManager.swift */ = {isa = PBXFileReference; lastKnownFileType = sourcecode.swift; path = LocationServiceManager.swift; sourceTree = "<group>"; };
		C8C7FD532C4626C400A43A4B /* WeatherObject.swift */ = {isa = PBXFileReference; lastKnownFileType = sourcecode.swift; path = WeatherObject.swift; sourceTree = "<group>"; };
		C8C7FD562C462CBE00A43A4B /* BookmarkedDataModel.swift */ = {isa = PBXFileReference; lastKnownFileType = sourcecode.swift; path = BookmarkedDataModel.swift; sourceTree = "<group>"; };
		C8C7FD582C462E5400A43A4B /* RecentSearchDataModel.swift */ = {isa = PBXFileReference; lastKnownFileType = sourcecode.swift; path = RecentSearchDataModel.swift; sourceTree = "<group>"; };
		C8C7FD5B2C462EB000A43A4B /* SearchLocationView.swift */ = {isa = PBXFileReference; lastKnownFileType = sourcecode.swift; path = SearchLocationView.swift; sourceTree = "<group>"; };
		C8C7FD5D2C4657BA00A43A4B /* SearchLocationViewModel.swift */ = {isa = PBXFileReference; lastKnownFileType = sourcecode.swift; path = SearchLocationViewModel.swift; sourceTree = "<group>"; };
		C8C7FD5F2C4657D000A43A4B /* WeatherDetailViewModel.swift */ = {isa = PBXFileReference; lastKnownFileType = sourcecode.swift; path = WeatherDetailViewModel.swift; sourceTree = "<group>"; };
		C8C7FD612C47512400A43A4B /* DatePickerViewModel.swift */ = {isa = PBXFileReference; lastKnownFileType = sourcecode.swift; path = DatePickerViewModel.swift; sourceTree = "<group>"; };
		C8C7FD632C47670300A43A4B /* WeatherDetailBackground.swift */ = {isa = PBXFileReference; lastKnownFileType = sourcecode.swift; path = WeatherDetailBackground.swift; sourceTree = "<group>"; };
		C8C7FD662C478B1B00A43A4B /* SafetyInformationProtocol.swift */ = {isa = PBXFileReference; lastKnownFileType = sourcecode.swift; path = SafetyInformationProtocol.swift; sourceTree = "<group>"; };
		C8C7FD6A2C47BE0400A43A4B /* ReImagineWeatherApp.entitlements */ = {isa = PBXFileReference; lastKnownFileType = text.plist.entitlements; path = ReImagineWeatherApp.entitlements; sourceTree = "<group>"; };
		C8C7FD6B2C47C9C600A43A4B /* WeatherEnum.swift */ = {isa = PBXFileReference; lastKnownFileType = sourcecode.swift; path = WeatherEnum.swift; sourceTree = "<group>"; };
		C8C7FD6E2C47DAB200A43A4B /* WeatherComponent.swift */ = {isa = PBXFileReference; lastKnownFileType = sourcecode.swift; path = WeatherComponent.swift; sourceTree = "<group>"; };
		C8C7FD702C47DAC400A43A4B /* UVComponent.swift */ = {isa = PBXFileReference; lastKnownFileType = sourcecode.swift; path = UVComponent.swift; sourceTree = "<group>"; };
		C8C7FD722C47DACE00A43A4B /* AQIComponent.swift */ = {isa = PBXFileReference; lastKnownFileType = sourcecode.swift; path = AQIComponent.swift; sourceTree = "<group>"; };
		C8C7FD742C47DAE600A43A4B /* ComponentsProtocol.swift */ = {isa = PBXFileReference; lastKnownFileType = sourcecode.swift; path = ComponentsProtocol.swift; sourceTree = "<group>"; };
		C8C7FD762C485F2300A43A4B /* CalendarSelectionView.swift */ = {isa = PBXFileReference; lastKnownFileType = sourcecode.swift; path = CalendarSelectionView.swift; sourceTree = "<group>"; };
		C8C7FD782C48DD5800A43A4B /* HourSelectionView.swift */ = {isa = PBXFileReference; lastKnownFileType = sourcecode.swift; path = HourSelectionView.swift; sourceTree = "<group>"; };
/* End PBXFileReference section */

/* Begin PBXFrameworksBuildPhase section */
		C8B700292C3E9E1000822F09 /* Frameworks */ = {
			isa = PBXFrameworksBuildPhase;
			buildActionMask = 2147483647;
			files = (
			);
			runOnlyForDeploymentPostprocessing = 0;
		};
/* End PBXFrameworksBuildPhase section */

/* Begin PBXGroup section */
		C8B700232C3E9E1000822F09 = {
			isa = PBXGroup;
			children = (
				C8B7002E2C3E9E1000822F09 /* ReImagineWeatherApp */,
				C8B7002D2C3E9E1000822F09 /* Products */,
			);
			sourceTree = "<group>";
		};
		C8B7002D2C3E9E1000822F09 /* Products */ = {
			isa = PBXGroup;
			children = (
				C8B7002C2C3E9E1000822F09 /* ReImagineWeatherApp.app */,
			);
			name = Products;
			sourceTree = "<group>";
		};
		C8B7002E2C3E9E1000822F09 /* ReImagineWeatherApp */ = {
			isa = PBXGroup;
			children = (
				C8C7FD6A2C47BE0400A43A4B /* ReImagineWeatherApp.entitlements */,
				C8B7002F2C3E9E1000822F09 /* ReImagineWeatherAppApp.swift */,
				C8B7003D2C3E9E2300822F09 /* Model */,
				C8C7FD242C45B0AF00A43A4B /* Scenes */,
				C8B7003F2C3E9E3800822F09 /* ViewModel */,
				C8B700402C3E9EF900822F09 /* Services */,
				C8C7FD232C45B09000A43A4B /* Helper */,
				C8B700332C3E9E1200822F09 /* Assets.xcassets */,
				C8B700352C3E9E1200822F09 /* Preview Content */,
			);
			path = ReImagineWeatherApp;
			sourceTree = "<group>";
		};
		C8B700352C3E9E1200822F09 /* Preview Content */ = {
			isa = PBXGroup;
			children = (
				C8B700362C3E9E1200822F09 /* Preview Assets.xcassets */,
			);
			path = "Preview Content";
			sourceTree = "<group>";
		};
		C8B7003D2C3E9E2300822F09 /* Model */ = {
			isa = PBXGroup;
			children = (
				C8C7FD652C478AEA00A43A4B /* SafetyStatusInformationModel */,
				C8C7FD552C462C9D00A43A4B /* PersistanceDataModel */,
				C8C7FD4E2C461EF200A43A4B /* WeatherObjects */,
				C8C7FD6D2C47DA8B00A43A4B /* WeatherComponentCardModel */,
				C8C7FD412C460BD400A43A4B /* WeatherInformationObjects */,
				C8C7FD402C460BC100A43A4B /* DecoderModel */,
			);
			path = Model;
			sourceTree = "<group>";
		};
		C8B7003E2C3E9E2D00822F09 /* BookmarkViews */ = {
			isa = PBXGroup;
			children = (
				C8B700312C3E9E1000822F09 /* BookmarkPage.swift */,
			);
			path = BookmarkViews;
			sourceTree = "<group>";
		};
		C8B7003F2C3E9E3800822F09 /* ViewModel */ = {
			isa = PBXGroup;
			children = (
				C8C7FD5D2C4657BA00A43A4B /* SearchLocationViewModel.swift */,
				C8C7FD5F2C4657D000A43A4B /* WeatherDetailViewModel.swift */,
				C8C7FD612C47512400A43A4B /* DatePickerViewModel.swift */,
			);
			path = ViewModel;
			sourceTree = "<group>";
		};
		C8B700402C3E9EF900822F09 /* Services */ = {
			isa = PBXGroup;
			children = (
				C8B700472C43488500822F09 /* Protocols.swift */,
				C8B700452C3FC73C00822F09 /* APServiceManager.swift */,
				C8C7FD4F2C4625D300A43A4B /* WeatherServiceManager.swift */,
				C8C7FD512C4625ED00A43A4B /* LocationServiceManager.swift */,
			);
			path = Services;
			sourceTree = "<group>";
		};
		C8C7FD232C45B09000A43A4B /* Helper */ = {
			isa = PBXGroup;
			children = (
				C8C7FD3E2C45B69800A43A4B /* APIKeyHolder.swift */,
				C8C7FD4A2C461B7E00A43A4B /* Extentions.swift */,
			);
			path = Helper;
			sourceTree = "<group>";
		};
		C8C7FD242C45B0AF00A43A4B /* Scenes */ = {
			isa = PBXGroup;
			children = (
				C8C7FD272C45B21900A43A4B /* WeatherInfoScene */,
				C8C7FD5A2C462E5C00A43A4B /* SearchLocationScene */,
				C8C7FD252C45B0E700A43A4B /* BookmarkedScene */,
			);
			path = Scenes;
			sourceTree = "<group>";
		};
		C8C7FD252C45B0E700A43A4B /* BookmarkedScene */ = {
			isa = PBXGroup;
			children = (
				C8B7003E2C3E9E2D00822F09 /* BookmarkViews */,
				C8C7FD262C45B0FC00A43A4B /* BookmarkComponents */,
			);
			path = BookmarkedScene;
			sourceTree = "<group>";
		};
		C8C7FD262C45B0FC00A43A4B /* BookmarkComponents */ = {
			isa = PBXGroup;
			children = (
				C8C7FD2E2C45B39E00A43A4B /* DatePickerComponent.swift */,
				C8C7FD762C485F2300A43A4B /* CalendarSelectionView.swift */,
				C8C7FD2C2C45B30F00A43A4B /* WeatherCardComponent.swift */,
			);
			path = BookmarkComponents;
			sourceTree = "<group>";
		};
		C8C7FD272C45B21900A43A4B /* WeatherInfoScene */ = {
			isa = PBXGroup;
			children = (
				C8C7FD282C45B24100A43A4B /* WeatherDetailViews */,
				C8C7FD292C45B27800A43A4B /* WeatherDetailComponents */,
			);
			path = WeatherInfoScene;
			sourceTree = "<group>";
		};
		C8C7FD282C45B24100A43A4B /* WeatherDetailViews */ = {
			isa = PBXGroup;
			children = (
				C8C7FD2A2C45B2A300A43A4B /* WeatherDetailPage.swift */,
				C8C7FD3A2C45B5A800A43A4B /* InformationDetailView.swift */,
			);
			path = WeatherDetailViews;
			sourceTree = "<group>";
		};
		C8C7FD292C45B27800A43A4B /* WeatherDetailComponents */ = {
			isa = PBXGroup;
			children = (
				C8C7FD302C45B3E800A43A4B /* SafetyCardComponent.swift */,
				C8C7FD342C45B41500A43A4B /* InformationCardComponent.swift */,
				C8C7FD382C45B54500A43A4B /* SafetyDetailCard.swift */,
				C8C7FD3C2C45B5B600A43A4B /* InformationDetailCard.swift */,
				C8C7FD632C47670300A43A4B /* WeatherDetailBackground.swift */,
				C8C7FD322C45B3F300A43A4B /* HourPickerComponent.swift */,
				C8C7FD782C48DD5800A43A4B /* HourSelectionView.swift */,
			);
			path = WeatherDetailComponents;
			sourceTree = "<group>";
		};
		C8C7FD402C460BC100A43A4B /* DecoderModel */ = {
			isa = PBXGroup;
			children = (
				C8B700432C3FBBC700822F09 /* APDataModel.swift */,
			);
			path = DecoderModel;
			sourceTree = "<group>";
		};
		C8C7FD412C460BD400A43A4B /* WeatherInformationObjects */ = {
			isa = PBXGroup;
			children = (
				C8C7FD422C460BFA00A43A4B /* WeatherInfomation.swift */,
				C8C7FD442C46170800A43A4B /* UVInformation.swift */,
				C8C7FD462C46172D00A43A4B /* AQInformation.swift */,
				C8C7FD4C2C461C7400A43A4B /* SafetyInformation.swift */,
				C8C7FD482C46173D00A43A4B /* WeatherConditionInformation.swift */,
			);
			path = WeatherInformationObjects;
			sourceTree = "<group>";
		};
		C8C7FD4E2C461EF200A43A4B /* WeatherObjects */ = {
			isa = PBXGroup;
			children = (
				C8C7FD532C4626C400A43A4B /* WeatherObject.swift */,
				C8C7FD6B2C47C9C600A43A4B /* WeatherEnum.swift */,
			);
			path = WeatherObjects;
			sourceTree = "<group>";
		};
		C8C7FD552C462C9D00A43A4B /* PersistanceDataModel */ = {
			isa = PBXGroup;
			children = (
				C8C7FD562C462CBE00A43A4B /* BookmarkedDataModel.swift */,
				C8C7FD582C462E5400A43A4B /* RecentSearchDataModel.swift */,
			);
			path = PersistanceDataModel;
			sourceTree = "<group>";
		};
		C8C7FD5A2C462E5C00A43A4B /* SearchLocationScene */ = {
			isa = PBXGroup;
			children = (
				C8C7FD5B2C462EB000A43A4B /* SearchLocationView.swift */,
			);
			path = SearchLocationScene;
			sourceTree = "<group>";
		};
		C8C7FD652C478AEA00A43A4B /* SafetyStatusInformationModel */ = {
			isa = PBXGroup;
			children = (
				C8C7FD662C478B1B00A43A4B /* SafetyInformationProtocol.swift */,
			);
			path = SafetyStatusInformationModel;
			sourceTree = "<group>";
		};
		C8C7FD6D2C47DA8B00A43A4B /* WeatherComponentCardModel */ = {
			isa = PBXGroup;
			children = (
				C8C7FD742C47DAE600A43A4B /* ComponentsProtocol.swift */,
				C8C7FD702C47DAC400A43A4B /* UVComponent.swift */,
				C8C7FD722C47DACE00A43A4B /* AQIComponent.swift */,
				C8C7FD6E2C47DAB200A43A4B /* WeatherComponent.swift */,
			);
			path = WeatherComponentCardModel;
			sourceTree = "<group>";
		};
/* End PBXGroup section */

/* Begin PBXNativeTarget section */
		C8B7002B2C3E9E1000822F09 /* ReImagineWeatherApp */ = {
			isa = PBXNativeTarget;
			buildConfigurationList = C8B7003A2C3E9E1200822F09 /* Build configuration list for PBXNativeTarget "ReImagineWeatherApp" */;
			buildPhases = (
				C8B700282C3E9E1000822F09 /* Sources */,
				C8B700292C3E9E1000822F09 /* Frameworks */,
				C8B7002A2C3E9E1000822F09 /* Resources */,
			);
			buildRules = (
			);
			dependencies = (
			);
			name = ReImagineWeatherApp;
			productName = ReImagineWeatherApp;
			productReference = C8B7002C2C3E9E1000822F09 /* ReImagineWeatherApp.app */;
			productType = "com.apple.product-type.application";
		};
/* End PBXNativeTarget section */

/* Begin PBXProject section */
		C8B700242C3E9E1000822F09 /* Project object */ = {
			isa = PBXProject;
			attributes = {
				BuildIndependentTargetsInParallel = 1;
				LastSwiftUpdateCheck = 1540;
				LastUpgradeCheck = 1540;
				TargetAttributes = {
					C8B7002B2C3E9E1000822F09 = {
						CreatedOnToolsVersion = 15.4;
					};
				};
			};
			buildConfigurationList = C8B700272C3E9E1000822F09 /* Build configuration list for PBXProject "ReImagineWeatherApp" */;
			compatibilityVersion = "Xcode 14.0";
			developmentRegion = en;
			hasScannedForEncodings = 0;
			knownRegions = (
				en,
				Base,
			);
			mainGroup = C8B700232C3E9E1000822F09;
			productRefGroup = C8B7002D2C3E9E1000822F09 /* Products */;
			projectDirPath = "";
			projectRoot = "";
			targets = (
				C8B7002B2C3E9E1000822F09 /* ReImagineWeatherApp */,
			);
		};
/* End PBXProject section */

/* Begin PBXResourcesBuildPhase section */
		C8B7002A2C3E9E1000822F09 /* Resources */ = {
			isa = PBXResourcesBuildPhase;
			buildActionMask = 2147483647;
			files = (
				C8B700372C3E9E1200822F09 /* Preview Assets.xcassets in Resources */,
				C8B700342C3E9E1200822F09 /* Assets.xcassets in Resources */,
			);
			runOnlyForDeploymentPostprocessing = 0;
		};
/* End PBXResourcesBuildPhase section */

/* Begin PBXSourcesBuildPhase section */
		C8B700282C3E9E1000822F09 /* Sources */ = {
			isa = PBXSourcesBuildPhase;
			buildActionMask = 2147483647;
			files = (
				C8C7FD352C45B41500A43A4B /* InformationCardComponent.swift in Sources */,
				C8C7FD572C462CBE00A43A4B /* BookmarkedDataModel.swift in Sources */,
				C8B700482C43488500822F09 /* Protocols.swift in Sources */,
				C8C7FD312C45B3E800A43A4B /* SafetyCardComponent.swift in Sources */,
				C8B700442C3FBBC700822F09 /* APDataModel.swift in Sources */,
				C8C7FD5E2C4657BA00A43A4B /* SearchLocationViewModel.swift in Sources */,
				C8C7FD642C47670300A43A4B /* WeatherDetailBackground.swift in Sources */,
				C8C7FD452C46170800A43A4B /* UVInformation.swift in Sources */,
				C8C7FD2D2C45B30F00A43A4B /* WeatherCardComponent.swift in Sources */,
				C8C7FD502C4625D300A43A4B /* WeatherServiceManager.swift in Sources */,
				C8C7FD2F2C45B39E00A43A4B /* DatePickerComponent.swift in Sources */,
				C8B700322C3E9E1000822F09 /* BookmarkPage.swift in Sources */,
				C8C7FD472C46172D00A43A4B /* AQInformation.swift in Sources */,
				C8C7FD392C45B54500A43A4B /* SafetyDetailCard.swift in Sources */,
				C8C7FD522C4625ED00A43A4B /* LocationServiceManager.swift in Sources */,
				C8C7FD732C47DACE00A43A4B /* AQIComponent.swift in Sources */,
				C8C7FD492C46173D00A43A4B /* WeatherConditionInformation.swift in Sources */,
				C8C7FD712C47DAC400A43A4B /* UVComponent.swift in Sources */,
				C8C7FD3D2C45B5B600A43A4B /* InformationDetailCard.swift in Sources */,
				C8C7FD332C45B3F300A43A4B /* HourPickerComponent.swift in Sources */,
				C8C7FD5C2C462EB000A43A4B /* SearchLocationView.swift in Sources */,
				C8C7FD792C48DD5800A43A4B /* HourSelectionView.swift in Sources */,
				C8C7FD2B2C45B2A300A43A4B /* WeatherDetailPage.swift in Sources */,
				C8B700302C3E9E1000822F09 /* ReImagineWeatherAppApp.swift in Sources */,
				C8C7FD542C4626C400A43A4B /* WeatherObject.swift in Sources */,
				C8C7FD6F2C47DAB200A43A4B /* WeatherComponent.swift in Sources */,
				C8C7FD432C460BFA00A43A4B /* WeatherInfomation.swift in Sources */,
				C8B700462C3FC73C00822F09 /* APServiceManager.swift in Sources */,
				C8C7FD592C462E5400A43A4B /* RecentSearchDataModel.swift in Sources */,
				C8C7FD4D2C461C7400A43A4B /* SafetyInformation.swift in Sources */,
				C8C7FD6C2C47C9C600A43A4B /* WeatherEnum.swift in Sources */,
				C8C7FD752C47DAE600A43A4B /* ComponentsProtocol.swift in Sources */,
				C8C7FD602C4657D000A43A4B /* WeatherDetailViewModel.swift in Sources */,
				C8C7FD3B2C45B5A800A43A4B /* InformationDetailView.swift in Sources */,
				C8C7FD772C485F2300A43A4B /* CalendarSelectionView.swift in Sources */,
				C8C7FD3F2C45B69800A43A4B /* APIKeyHolder.swift in Sources */,
				C8C7FD4B2C461B7E00A43A4B /* Extentions.swift in Sources */,
				C8C7FD672C478B1B00A43A4B /* SafetyInformationProtocol.swift in Sources */,
				C8C7FD622C47512400A43A4B /* DatePickerViewModel.swift in Sources */,
			);
			runOnlyForDeploymentPostprocessing = 0;
		};
/* End PBXSourcesBuildPhase section */

/* Begin XCBuildConfiguration section */
		C8B700382C3E9E1200822F09 /* Debug */ = {
			isa = XCBuildConfiguration;
			buildSettings = {
				ALWAYS_SEARCH_USER_PATHS = NO;
				ASSETCATALOG_COMPILER_GENERATE_SWIFT_ASSET_SYMBOL_EXTENSIONS = YES;
				CLANG_ANALYZER_NONNULL = YES;
				CLANG_ANALYZER_NUMBER_OBJECT_CONVERSION = YES_AGGRESSIVE;
				CLANG_CXX_LANGUAGE_STANDARD = "gnu++20";
				CLANG_ENABLE_MODULES = YES;
				CLANG_ENABLE_OBJC_ARC = YES;
				CLANG_ENABLE_OBJC_WEAK = YES;
				CLANG_WARN_BLOCK_CAPTURE_AUTORELEASING = YES;
				CLANG_WARN_BOOL_CONVERSION = YES;
				CLANG_WARN_COMMA = YES;
				CLANG_WARN_CONSTANT_CONVERSION = YES;
				CLANG_WARN_DEPRECATED_OBJC_IMPLEMENTATIONS = YES;
				CLANG_WARN_DIRECT_OBJC_ISA_USAGE = YES_ERROR;
				CLANG_WARN_DOCUMENTATION_COMMENTS = YES;
				CLANG_WARN_EMPTY_BODY = YES;
				CLANG_WARN_ENUM_CONVERSION = YES;
				CLANG_WARN_INFINITE_RECURSION = YES;
				CLANG_WARN_INT_CONVERSION = YES;
				CLANG_WARN_NON_LITERAL_NULL_CONVERSION = YES;
				CLANG_WARN_OBJC_IMPLICIT_RETAIN_SELF = YES;
				CLANG_WARN_OBJC_LITERAL_CONVERSION = YES;
				CLANG_WARN_OBJC_ROOT_CLASS = YES_ERROR;
				CLANG_WARN_QUOTED_INCLUDE_IN_FRAMEWORK_HEADER = YES;
				CLANG_WARN_RANGE_LOOP_ANALYSIS = YES;
				CLANG_WARN_STRICT_PROTOTYPES = YES;
				CLANG_WARN_SUSPICIOUS_MOVE = YES;
				CLANG_WARN_UNGUARDED_AVAILABILITY = YES_AGGRESSIVE;
				CLANG_WARN_UNREACHABLE_CODE = YES;
				CLANG_WARN__DUPLICATE_METHOD_MATCH = YES;
				COPY_PHASE_STRIP = NO;
				DEBUG_INFORMATION_FORMAT = dwarf;
				ENABLE_STRICT_OBJC_MSGSEND = YES;
				ENABLE_TESTABILITY = YES;
				ENABLE_USER_SCRIPT_SANDBOXING = YES;
				GCC_C_LANGUAGE_STANDARD = gnu17;
				GCC_DYNAMIC_NO_PIC = NO;
				GCC_NO_COMMON_BLOCKS = YES;
				GCC_OPTIMIZATION_LEVEL = 0;
				GCC_PREPROCESSOR_DEFINITIONS = (
					"DEBUG=1",
					"$(inherited)",
				);
				GCC_WARN_64_TO_32_BIT_CONVERSION = YES;
				GCC_WARN_ABOUT_RETURN_TYPE = YES_ERROR;
				GCC_WARN_UNDECLARED_SELECTOR = YES;
				GCC_WARN_UNINITIALIZED_AUTOS = YES_AGGRESSIVE;
				GCC_WARN_UNUSED_FUNCTION = YES;
				GCC_WARN_UNUSED_VARIABLE = YES;
				IPHONEOS_DEPLOYMENT_TARGET = 17.5;
				LOCALIZATION_PREFERS_STRING_CATALOGS = YES;
				MTL_ENABLE_DEBUG_INFO = INCLUDE_SOURCE;
				MTL_FAST_MATH = YES;
				ONLY_ACTIVE_ARCH = YES;
				SDKROOT = iphoneos;
				SWIFT_ACTIVE_COMPILATION_CONDITIONS = "DEBUG $(inherited)";
				SWIFT_OPTIMIZATION_LEVEL = "-Onone";
			};
			name = Debug;
		};
		C8B700392C3E9E1200822F09 /* Release */ = {
			isa = XCBuildConfiguration;
			buildSettings = {
				ALWAYS_SEARCH_USER_PATHS = NO;
				ASSETCATALOG_COMPILER_GENERATE_SWIFT_ASSET_SYMBOL_EXTENSIONS = YES;
				CLANG_ANALYZER_NONNULL = YES;
				CLANG_ANALYZER_NUMBER_OBJECT_CONVERSION = YES_AGGRESSIVE;
				CLANG_CXX_LANGUAGE_STANDARD = "gnu++20";
				CLANG_ENABLE_MODULES = YES;
				CLANG_ENABLE_OBJC_ARC = YES;
				CLANG_ENABLE_OBJC_WEAK = YES;
				CLANG_WARN_BLOCK_CAPTURE_AUTORELEASING = YES;
				CLANG_WARN_BOOL_CONVERSION = YES;
				CLANG_WARN_COMMA = YES;
				CLANG_WARN_CONSTANT_CONVERSION = YES;
				CLANG_WARN_DEPRECATED_OBJC_IMPLEMENTATIONS = YES;
				CLANG_WARN_DIRECT_OBJC_ISA_USAGE = YES_ERROR;
				CLANG_WARN_DOCUMENTATION_COMMENTS = YES;
				CLANG_WARN_EMPTY_BODY = YES;
				CLANG_WARN_ENUM_CONVERSION = YES;
				CLANG_WARN_INFINITE_RECURSION = YES;
				CLANG_WARN_INT_CONVERSION = YES;
				CLANG_WARN_NON_LITERAL_NULL_CONVERSION = YES;
				CLANG_WARN_OBJC_IMPLICIT_RETAIN_SELF = YES;
				CLANG_WARN_OBJC_LITERAL_CONVERSION = YES;
				CLANG_WARN_OBJC_ROOT_CLASS = YES_ERROR;
				CLANG_WARN_QUOTED_INCLUDE_IN_FRAMEWORK_HEADER = YES;
				CLANG_WARN_RANGE_LOOP_ANALYSIS = YES;
				CLANG_WARN_STRICT_PROTOTYPES = YES;
				CLANG_WARN_SUSPICIOUS_MOVE = YES;
				CLANG_WARN_UNGUARDED_AVAILABILITY = YES_AGGRESSIVE;
				CLANG_WARN_UNREACHABLE_CODE = YES;
				CLANG_WARN__DUPLICATE_METHOD_MATCH = YES;
				COPY_PHASE_STRIP = NO;
				DEBUG_INFORMATION_FORMAT = "dwarf-with-dsym";
				ENABLE_NS_ASSERTIONS = NO;
				ENABLE_STRICT_OBJC_MSGSEND = YES;
				ENABLE_USER_SCRIPT_SANDBOXING = YES;
				GCC_C_LANGUAGE_STANDARD = gnu17;
				GCC_NO_COMMON_BLOCKS = YES;
				GCC_WARN_64_TO_32_BIT_CONVERSION = YES;
				GCC_WARN_ABOUT_RETURN_TYPE = YES_ERROR;
				GCC_WARN_UNDECLARED_SELECTOR = YES;
				GCC_WARN_UNINITIALIZED_AUTOS = YES_AGGRESSIVE;
				GCC_WARN_UNUSED_FUNCTION = YES;
				GCC_WARN_UNUSED_VARIABLE = YES;
				IPHONEOS_DEPLOYMENT_TARGET = 17.5;
				LOCALIZATION_PREFERS_STRING_CATALOGS = YES;
				MTL_ENABLE_DEBUG_INFO = NO;
				MTL_FAST_MATH = YES;
				SDKROOT = iphoneos;
				SWIFT_COMPILATION_MODE = wholemodule;
				VALIDATE_PRODUCT = YES;
			};
			name = Release;
		};
		C8B7003B2C3E9E1200822F09 /* Debug */ = {
			isa = XCBuildConfiguration;
			buildSettings = {
				ASSETCATALOG_COMPILER_APPICON_NAME = AppIcon;
				ASSETCATALOG_COMPILER_GLOBAL_ACCENT_COLOR_NAME = AccentColor;
				CODE_SIGN_ENTITLEMENTS = ReImagineWeatherApp/ReImagineWeatherApp.entitlements;
				CODE_SIGN_STYLE = Automatic;
				CURRENT_PROJECT_VERSION = 1;
				DEVELOPMENT_ASSET_PATHS = "\"ReImagineWeatherApp/Preview Content\"";
				DEVELOPMENT_TEAM = 2PK9G249Q5;
				ENABLE_PREVIEWS = YES;
				GENERATE_INFOPLIST_FILE = YES;
				INFOPLIST_KEY_UIApplicationSceneManifest_Generation = YES;
				INFOPLIST_KEY_UIApplicationSupportsIndirectInputEvents = YES;
				INFOPLIST_KEY_UILaunchScreen_Generation = YES;
				INFOPLIST_KEY_UISupportedInterfaceOrientations_iPad = "UIInterfaceOrientationPortrait UIInterfaceOrientationPortraitUpsideDown UIInterfaceOrientationLandscapeLeft UIInterfaceOrientationLandscapeRight";
				INFOPLIST_KEY_UISupportedInterfaceOrientations_iPhone = "UIInterfaceOrientationPortrait UIInterfaceOrientationLandscapeLeft UIInterfaceOrientationLandscapeRight";
				IPHONEOS_DEPLOYMENT_TARGET = 17.2;
				LD_RUNPATH_SEARCH_PATHS = (
					"$(inherited)",
					"@executable_path/Frameworks",
				);
				MARKETING_VERSION = 1.0;
				PRODUCT_BUNDLE_IDENTIFIER = com.B4.ReImagineWeatherApp;
				PRODUCT_NAME = "$(TARGET_NAME)";
				SWIFT_EMIT_LOC_STRINGS = YES;
				SWIFT_VERSION = 5.0;
				TARGETED_DEVICE_FAMILY = "1,2";
			};
			name = Debug;
		};
		C8B7003C2C3E9E1200822F09 /* Release */ = {
			isa = XCBuildConfiguration;
			buildSettings = {
				ASSETCATALOG_COMPILER_APPICON_NAME = AppIcon;
				ASSETCATALOG_COMPILER_GLOBAL_ACCENT_COLOR_NAME = AccentColor;
				CODE_SIGN_ENTITLEMENTS = ReImagineWeatherApp/ReImagineWeatherApp.entitlements;
				CODE_SIGN_STYLE = Automatic;
				CURRENT_PROJECT_VERSION = 1;
				DEVELOPMENT_ASSET_PATHS = "\"ReImagineWeatherApp/Preview Content\"";
				DEVELOPMENT_TEAM = 2PK9G249Q5;
				ENABLE_PREVIEWS = YES;
				GENERATE_INFOPLIST_FILE = YES;
				INFOPLIST_KEY_UIApplicationSceneManifest_Generation = YES;
				INFOPLIST_KEY_UIApplicationSupportsIndirectInputEvents = YES;
				INFOPLIST_KEY_UILaunchScreen_Generation = YES;
				INFOPLIST_KEY_UISupportedInterfaceOrientations_iPad = "UIInterfaceOrientationPortrait UIInterfaceOrientationPortraitUpsideDown UIInterfaceOrientationLandscapeLeft UIInterfaceOrientationLandscapeRight";
				INFOPLIST_KEY_UISupportedInterfaceOrientations_iPhone = "UIInterfaceOrientationPortrait UIInterfaceOrientationLandscapeLeft UIInterfaceOrientationLandscapeRight";
				IPHONEOS_DEPLOYMENT_TARGET = 17.2;
				LD_RUNPATH_SEARCH_PATHS = (
					"$(inherited)",
					"@executable_path/Frameworks",
				);
				MARKETING_VERSION = 1.0;
				PRODUCT_BUNDLE_IDENTIFIER = com.B4.ReImagineWeatherApp;
				PRODUCT_NAME = "$(TARGET_NAME)";
				SWIFT_EMIT_LOC_STRINGS = YES;
				SWIFT_VERSION = 5.0;
				TARGETED_DEVICE_FAMILY = "1,2";
			};
			name = Release;
		};
/* End XCBuildConfiguration section */

/* Begin XCConfigurationList section */
		C8B700272C3E9E1000822F09 /* Build configuration list for PBXProject "ReImagineWeatherApp" */ = {
			isa = XCConfigurationList;
			buildConfigurations = (
				C8B700382C3E9E1200822F09 /* Debug */,
				C8B700392C3E9E1200822F09 /* Release */,
			);
			defaultConfigurationIsVisible = 0;
			defaultConfigurationName = Release;
		};
		C8B7003A2C3E9E1200822F09 /* Build configuration list for PBXNativeTarget "ReImagineWeatherApp" */ = {
			isa = XCConfigurationList;
			buildConfigurations = (
				C8B7003B2C3E9E1200822F09 /* Debug */,
				C8B7003C2C3E9E1200822F09 /* Release */,
			);
			defaultConfigurationIsVisible = 0;
			defaultConfigurationName = Release;
		};
/* End XCConfigurationList section */
	};
	rootObject = C8B700242C3E9E1000822F09 /* Project object */;
}
